// !$*UTF8*$!
{
	archiveVersion = 1;
	classes = {
	};
	objectVersion = 77;
	objects = {

/* Begin PBXBuildFile section */
		7F5D28142E6E1B6B00813099 /* GoogleGenerativeAI in Frameworks */ = {isa = PBXBuildFile; productRef = 7F5D28132E6E1B6B00813099 /* GoogleGenerativeAI */; };
		7FE1563B2E5C361A00FA0046 /* FirebaseAI in Frameworks */ = {isa = PBXBuildFile; productRef = 7FE1563A2E5C361A00FA0046 /* FirebaseAI */; };
		7FE1563D2E5C361A00FA0046 /* FirebaseAnalytics in Frameworks */ = {isa = PBXBuildFile; productRef = 7FE1563C2E5C361A00FA0046 /* FirebaseAnalytics */; };
		7FE1563F2E5C361A00FA0046 /* FirebaseAuth in Frameworks */ = {isa = PBXBuildFile; productRef = 7FE1563E2E5C361A00FA0046 /* FirebaseAuth */; };
		7FE156412E5C361A00FA0046 /* FirebaseDatabase in Frameworks */ = {isa = PBXBuildFile; productRef = 7FE156402E5C361A00FA0046 /* FirebaseDatabase */; };
		7FE156432E5C361A00FA0046 /* FirebaseFirestore in Frameworks */ = {isa = PBXBuildFile; productRef = 7FE156422E5C361A00FA0046 /* FirebaseFirestore */; };
/* End PBXBuildFile section */

/* Begin PBXContainerItemProxy section */
		7FE155B52E5C31CD00FA0046 /* PBXContainerItemProxy */ = {
			isa = PBXContainerItemProxy;
			containerPortal = 7FE1559C2E5C31CB00FA0046 /* Project object */;
			proxyType = 1;
			remoteGlobalIDString = 7FE155A32E5C31CB00FA0046;
			remoteInfo = Appdev;
		};
		7FE155BF2E5C31CD00FA0046 /* PBXContainerItemProxy */ = {
			isa = PBXContainerItemProxy;
			containerPortal = 7FE1559C2E5C31CB00FA0046 /* Project object */;
			proxyType = 1;
			remoteGlobalIDString = 7FE155A32E5C31CB00FA0046;
			remoteInfo = Appdev;
		};
/* End PBXContainerItemProxy section */

/* Begin PBXFileReference section */
		7FE155A42E5C31CB00FA0046 /* Appdev.app */ = {isa = PBXFileReference; explicitFileType = wrapper.application; includeInIndex = 0; path = Appdev.app; sourceTree = BUILT_PRODUCTS_DIR; };
		7FE155B42E5C31CD00FA0046 /* AppdevTests.xctest */ = {isa = PBXFileReference; explicitFileType = wrapper.cfbundle; includeInIndex = 0; path = AppdevTests.xctest; sourceTree = BUILT_PRODUCTS_DIR; };
		7FE155BE2E5C31CD00FA0046 /* AppdevUITests.xctest */ = {isa = PBXFileReference; explicitFileType = wrapper.cfbundle; includeInIndex = 0; path = AppdevUITests.xctest; sourceTree = BUILT_PRODUCTS_DIR; };
/* End PBXFileReference section */

/* Begin PBXFileSystemSynchronizedRootGroup section */
		7FE155A62E5C31CB00FA0046 /* Appdev */ = {
			isa = PBXFileSystemSynchronizedRootGroup;
			path = Appdev;
			sourceTree = "<group>";
		};
		7FE155B72E5C31CD00FA0046 /* AppdevTests */ = {
			isa = PBXFileSystemSynchronizedRootGroup;
			path = AppdevTests;
			sourceTree = "<group>";
		};
		7FE155C12E5C31CD00FA0046 /* AppdevUITests */ = {
			isa = PBXFileSystemSynchronizedRootGroup;
			path = AppdevUITests;
			sourceTree = "<group>";
		};
/* End PBXFileSystemSynchronizedRootGroup section */

/* Begin PBXFrameworksBuildPhase section */
		7FE155A12E5C31CB00FA0046 /* Frameworks */ = {
			isa = PBXFrameworksBuildPhase;
			buildActionMask = 2147483647;
			files = (
				7FE1563D2E5C361A00FA0046 /* FirebaseAnalytics in Frameworks */,
				7FE1563F2E5C361A00FA0046 /* FirebaseAuth in Frameworks */,
				7FE156412E5C361A00FA0046 /* FirebaseDatabase in Frameworks */,
				7F5D28142E6E1B6B00813099 /* GoogleGenerativeAI in Frameworks */,
				7FE156432E5C361A00FA0046 /* FirebaseFirestore in Frameworks */,
				7FE1563B2E5C361A00FA0046 /* FirebaseAI in Frameworks */,
			);
			runOnlyForDeploymentPostprocessing = 0;
		};
		7FE155B12E5C31CD00FA0046 /* Frameworks */ = {
			isa = PBXFrameworksBuildPhase;
			buildActionMask = 2147483647;
			files = (
			);
			runOnlyForDeploymentPostprocessing = 0;
		};
		7FE155BB2E5C31CD00FA0046 /* Frameworks */ = {
			isa = PBXFrameworksBuildPhase;
			buildActionMask = 2147483647;
			files = (
			);
			runOnlyForDeploymentPostprocessing = 0;
		};
/* End PBXFrameworksBuildPhase section */

/* Begin PBXGroup section */
		7FE1559B2E5C31CB00FA0046 = {
			isa = PBXGroup;
			children = (
				7FE155A62E5C31CB00FA0046 /* Appdev */,
				7FE155B72E5C31CD00FA0046 /* AppdevTests */,
				7FE155C12E5C31CD00FA0046 /* AppdevUITests */,
				7FE155A52E5C31CB00FA0046 /* Products */,
			);
			sourceTree = "<group>";
		};
		7FE155A52E5C31CB00FA0046 /* Products */ = {
			isa = PBXGroup;
			children = (
				7FE155A42E5C31CB00FA0046 /* Appdev.app */,
				7FE155B42E5C31CD00FA0046 /* AppdevTests.xctest */,
				7FE155BE2E5C31CD00FA0046 /* AppdevUITests.xctest */,
			);
			name = Products;
			sourceTree = "<group>";
		};
/* End PBXGroup section */

/* Begin PBXNativeTarget section */
		7FE155A32E5C31CB00FA0046 /* Appdev */ = {
			isa = PBXNativeTarget;
			buildConfigurationList = 7FE155C82E5C31CD00FA0046 /* Build configuration list for PBXNativeTarget "Appdev" */;
			buildPhases = (
				7FE155A02E5C31CB00FA0046 /* Sources */,
				7FE155A12E5C31CB00FA0046 /* Frameworks */,
				7FE155A22E5C31CB00FA0046 /* Resources */,
			);
			buildRules = (
			);
			dependencies = (
			);
			fileSystemSynchronizedGroups = (
				7FE155A62E5C31CB00FA0046 /* Appdev */,
			);
			name = Appdev;
			packageProductDependencies = (
				7FE1563A2E5C361A00FA0046 /* FirebaseAI */,
				7FE1563C2E5C361A00FA0046 /* FirebaseAnalytics */,
				7FE1563E2E5C361A00FA0046 /* FirebaseAuth */,
				7FE156402E5C361A00FA0046 /* FirebaseDatabase */,
				7FE156422E5C361A00FA0046 /* FirebaseFirestore */,
				7F5D28132E6E1B6B00813099 /* GoogleGenerativeAI */,
			);
			productName = Appdev;
			productReference = 7FE155A42E5C31CB00FA0046 /* Appdev.app */;
			productType = "com.apple.product-type.application";
		};
		7FE155B32E5C31CD00FA0046 /* AppdevTests */ = {
			isa = PBXNativeTarget;
			buildConfigurationList = 7FE155CB2E5C31CD00FA0046 /* Build configuration list for PBXNativeTarget "AppdevTests" */;
			buildPhases = (
				7FE155B02E5C31CD00FA0046 /* Sources */,
				7FE155B12E5C31CD00FA0046 /* Frameworks */,
				7FE155B22E5C31CD00FA0046 /* Resources */,
			);
			buildRules = (
			);
			dependencies = (
				7FE155B62E5C31CD00FA0046 /* PBXTargetDependency */,
			);
			fileSystemSynchronizedGroups = (
				7FE155B72E5C31CD00FA0046 /* AppdevTests */,
			);
			name = AppdevTests;
			packageProductDependencies = (
			);
			productName = AppdevTests;
			productReference = 7FE155B42E5C31CD00FA0046 /* AppdevTests.xctest */;
			productType = "com.apple.product-type.bundle.unit-test";
		};
		7FE155BD2E5C31CD00FA0046 /* AppdevUITests */ = {
			isa = PBXNativeTarget;
			buildConfigurationList = 7FE155CE2E5C31CD00FA0046 /* Build configuration list for PBXNativeTarget "AppdevUITests" */;
			buildPhases = (
				7FE155BA2E5C31CD00FA0046 /* Sources */,
				7FE155BB2E5C31CD00FA0046 /* Frameworks */,
				7FE155BC2E5C31CD00FA0046 /* Resources */,
			);
			buildRules = (
			);
			dependencies = (
				7FE155C02E5C31CD00FA0046 /* PBXTargetDependency */,
			);
			fileSystemSynchronizedGroups = (
				7FE155C12E5C31CD00FA0046 /* AppdevUITests */,
			);
			name = AppdevUITests;
			packageProductDependencies = (
			);
			productName = AppdevUITests;
			productReference = 7FE155BE2E5C31CD00FA0046 /* AppdevUITests.xctest */;
			productType = "com.apple.product-type.bundle.ui-testing";
		};
/* End PBXNativeTarget section */

/* Begin PBXProject section */
		7FE1559C2E5C31CB00FA0046 /* Project object */ = {
			isa = PBXProject;
			attributes = {
				BuildIndependentTargetsInParallel = 1;
				LastSwiftUpdateCheck = 1620;
				LastUpgradeCheck = 1620;
				TargetAttributes = {
					7FE155A32E5C31CB00FA0046 = {
						CreatedOnToolsVersion = 16.2;
					};
					7FE155B32E5C31CD00FA0046 = {
						CreatedOnToolsVersion = 16.2;
						TestTargetID = 7FE155A32E5C31CB00FA0046;
					};
					7FE155BD2E5C31CD00FA0046 = {
						CreatedOnToolsVersion = 16.2;
						TestTargetID = 7FE155A32E5C31CB00FA0046;
					};
				};
			};
			buildConfigurationList = 7FE1559F2E5C31CB00FA0046 /* Build configuration list for PBXProject "Appdev" */;
			developmentRegion = en;
			hasScannedForEncodings = 0;
			knownRegions = (
				en,
				Base,
			);
			mainGroup = 7FE1559B2E5C31CB00FA0046;
			minimizedProjectReferenceProxies = 1;
			packageReferences = (
				7FE156392E5C35CD00FA0046 /* XCRemoteSwiftPackageReference "firebase-ios-sdk" */,
				7F5D28102E6E185D00813099 /* XCRemoteSwiftPackageReference "generative-ai-swift" */,
			);
			preferredProjectObjectVersion = 77;
			productRefGroup = 7FE155A52E5C31CB00FA0046 /* Products */;
			projectDirPath = "";
			projectRoot = "";
			targets = (
				7FE155A32E5C31CB00FA0046 /* Appdev */,
				7FE155B32E5C31CD00FA0046 /* AppdevTests */,
				7FE155BD2E5C31CD00FA0046 /* AppdevUITests */,
			);
		};
/* End PBXProject section */

/* Begin PBXResourcesBuildPhase section */
		7FE155A22E5C31CB00FA0046 /* Resources */ = {
			isa = PBXResourcesBuildPhase;
			buildActionMask = 2147483647;
			files = (
			);
			runOnlyForDeploymentPostprocessing = 0;
		};
		7FE155B22E5C31CD00FA0046 /* Resources */ = {
			isa = PBXResourcesBuildPhase;
			buildActionMask = 2147483647;
			files = (
			);
			runOnlyForDeploymentPostprocessing = 0;
		};
		7FE155BC2E5C31CD00FA0046 /* Resources */ = {
			isa = PBXResourcesBuildPhase;
			buildActionMask = 2147483647;
			files = (
			);
			runOnlyForDeploymentPostprocessing = 0;
		};
/* End PBXResourcesBuildPhase section */

/* Begin PBXSourcesBuildPhase section */
		7FE155A02E5C31CB00FA0046 /* Sources */ = {
			isa = PBXSourcesBuildPhase;
			buildActionMask = 2147483647;
			files = (
			);
			runOnlyForDeploymentPostprocessing = 0;
		};
		7FE155B02E5C31CD00FA0046 /* Sources */ = {
			isa = PBXSourcesBuildPhase;
			buildActionMask = 2147483647;
			files = (
			);
			runOnlyForDeploymentPostprocessing = 0;
		};
		7FE155BA2E5C31CD00FA0046 /* Sources */ = {
			isa = PBXSourcesBuildPhase;
			buildActionMask = 2147483647;
			files = (
			);
			runOnlyForDeploymentPostprocessing = 0;
		};
/* End PBXSourcesBuildPhase section */

/* Begin PBXTargetDependency section */
		7FE155B62E5C31CD00FA0046 /* PBXTargetDependency */ = {
			isa = PBXTargetDependency;
			target = 7FE155A32E5C31CB00FA0046 /* Appdev */;
			targetProxy = 7FE155B52E5C31CD00FA0046 /* PBXContainerItemProxy */;
		};
		7FE155C02E5C31CD00FA0046 /* PBXTargetDependency */ = {
			isa = PBXTargetDependency;
			target = 7FE155A32E5C31CB00FA0046 /* Appdev */;
			targetProxy = 7FE155BF2E5C31CD00FA0046 /* PBXContainerItemProxy */;
		};
/* End PBXTargetDependency section */

/* Begin XCBuildConfiguration section */
		7FE155C62E5C31CD00FA0046 /* Debug */ = {
			isa = XCBuildConfiguration;
			buildSettings = {
				ALWAYS_SEARCH_USER_PATHS = NO;
				ASSETCATALOG_COMPILER_GENERATE_SWIFT_ASSET_SYMBOL_EXTENSIONS = YES;
				CLANG_ANALYZER_NONNULL = YES;
				CLANG_ANALYZER_NUMBER_OBJECT_CONVERSION = YES_AGGRESSIVE;
				CLANG_CXX_LANGUAGE_STANDARD = "gnu++20";
				CLANG_ENABLE_MODULES = YES;
				CLANG_ENABLE_OBJC_ARC = YES;
				CLANG_ENABLE_OBJC_WEAK = YES;
				CLANG_WARN_BLOCK_CAPTURE_AUTORELEASING = YES;
				CLANG_WARN_BOOL_CONVERSION = YES;
				CLANG_WARN_COMMA = YES;
				CLANG_WARN_CONSTANT_CONVERSION = YES;
				CLANG_WARN_DEPRECATED_OBJC_IMPLEMENTATIONS = YES;
				CLANG_WARN_DIRECT_OBJC_ISA_USAGE = YES_ERROR;
				CLANG_WARN_DOCUMENTATION_COMMENTS = YES;
				CLANG_WARN_EMPTY_BODY = YES;
				CLANG_WARN_ENUM_CONVERSION = YES;
				CLANG_WARN_INFINITE_RECURSION = YES;
				CLANG_WARN_INT_CONVERSION = YES;
				CLANG_WARN_NON_LITERAL_NULL_CONVERSION = YES;
				CLANG_WARN_OBJC_IMPLICIT_RETAIN_SELF = YES;
				CLANG_WARN_OBJC_LITERAL_CONVERSION = YES;
				CLANG_WARN_OBJC_ROOT_CLASS = YES_ERROR;
				CLANG_WARN_QUOTED_INCLUDE_IN_FRAMEWORK_HEADER = YES;
				CLANG_WARN_RANGE_LOOP_ANALYSIS = YES;
				CLANG_WARN_STRICT_PROTOTYPES = YES;
				CLANG_WARN_SUSPICIOUS_MOVE = YES;
				CLANG_WARN_UNGUARDED_AVAILABILITY = YES_AGGRESSIVE;
				CLANG_WARN_UNREACHABLE_CODE = YES;
				CLANG_WARN__DUPLICATE_METHOD_MATCH = YES;
				COPY_PHASE_STRIP = NO;
				DEBUG_INFORMATION_FORMAT = dwarf;
				ENABLE_STRICT_OBJC_MSGSEND = YES;
				ENABLE_TESTABILITY = YES;
				ENABLE_USER_SCRIPT_SANDBOXING = YES;
				GCC_C_LANGUAGE_STANDARD = gnu17;
				GCC_DYNAMIC_NO_PIC = NO;
				GCC_NO_COMMON_BLOCKS = YES;
				GCC_OPTIMIZATION_LEVEL = 0;
				GCC_PREPROCESSOR_DEFINITIONS = (
					"DEBUG=1",
					"$(inherited)",
				);
				GCC_WARN_64_TO_32_BIT_CONVERSION = YES;
				GCC_WARN_ABOUT_RETURN_TYPE = YES_ERROR;
				GCC_WARN_UNDECLARED_SELECTOR = YES;
				GCC_WARN_UNINITIALIZED_AUTOS = YES_AGGRESSIVE;
				GCC_WARN_UNUSED_FUNCTION = YES;
				GCC_WARN_UNUSED_VARIABLE = YES;
				IPHONEOS_DEPLOYMENT_TARGET = 18.2;
				LOCALIZATION_PREFERS_STRING_CATALOGS = YES;
				MTL_ENABLE_DEBUG_INFO = INCLUDE_SOURCE;
				MTL_FAST_MATH = YES;
				ONLY_ACTIVE_ARCH = YES;
				SDKROOT = iphoneos;
				SWIFT_ACTIVE_COMPILATION_CONDITIONS = "DEBUG $(inherited)";
				SWIFT_OPTIMIZATION_LEVEL = "-Onone";
			};
			name = Debug;
		};
		7FE155C72E5C31CD00FA0046 /* Release */ = {
			isa = XCBuildConfiguration;
			buildSettings = {
				ALWAYS_SEARCH_USER_PATHS = NO;
				ASSETCATALOG_COMPILER_GENERATE_SWIFT_ASSET_SYMBOL_EXTENSIONS = YES;
				CLANG_ANALYZER_NONNULL = YES;
				CLANG_ANALYZER_NUMBER_OBJECT_CONVERSION = YES_AGGRESSIVE;
				CLANG_CXX_LANGUAGE_STANDARD = "gnu++20";
				CLANG_ENABLE_MODULES = YES;
				CLANG_ENABLE_OBJC_ARC = YES;
				CLANG_ENABLE_OBJC_WEAK = YES;
				CLANG_WARN_BLOCK_CAPTURE_AUTORELEASING = YES;
				CLANG_WARN_BOOL_CONVERSION = YES;
				CLANG_WARN_COMMA = YES;
				CLANG_WARN_CONSTANT_CONVERSION = YES;
				CLANG_WARN_DEPRECATED_OBJC_IMPLEMENTATIONS = YES;
				CLANG_WARN_DIRECT_OBJC_ISA_USAGE = YES_ERROR;
				CLANG_WARN_DOCUMENTATION_COMMENTS = YES;
				CLANG_WARN_EMPTY_BODY = YES;
				CLANG_WARN_ENUM_CONVERSION = YES;
				CLANG_WARN_INFINITE_RECURSION = YES;
				CLANG_WARN_INT_CONVERSION = YES;
				CLANG_WARN_NON_LITERAL_NULL_CONVERSION = YES;
				CLANG_WARN_OBJC_IMPLICIT_RETAIN_SELF = YES;
				CLANG_WARN_OBJC_LITERAL_CONVERSION = YES;
				CLANG_WARN_OBJC_ROOT_CLASS = YES_ERROR;
				CLANG_WARN_QUOTED_INCLUDE_IN_FRAMEWORK_HEADER = YES;
				CLANG_WARN_RANGE_LOOP_ANALYSIS = YES;
				CLANG_WARN_STRICT_PROTOTYPES = YES;
				CLANG_WARN_SUSPICIOUS_MOVE = YES;
				CLANG_WARN_UNGUARDED_AVAILABILITY = YES_AGGRESSIVE;
				CLANG_WARN_UNREACHABLE_CODE = YES;
				CLANG_WARN__DUPLICATE_METHOD_MATCH = YES;
				COPY_PHASE_STRIP = NO;
				DEBUG_INFORMATION_FORMAT = "dwarf-with-dsym";
				ENABLE_NS_ASSERTIONS = NO;
				ENABLE_STRICT_OBJC_MSGSEND = YES;
				ENABLE_USER_SCRIPT_SANDBOXING = YES;
				GCC_C_LANGUAGE_STANDARD = gnu17;
				GCC_NO_COMMON_BLOCKS = YES;
				GCC_WARN_64_TO_32_BIT_CONVERSION = YES;
				GCC_WARN_ABOUT_RETURN_TYPE = YES_ERROR;
				GCC_WARN_UNDECLARED_SELECTOR = YES;
				GCC_WARN_UNINITIALIZED_AUTOS = YES_AGGRESSIVE;
				GCC_WARN_UNUSED_FUNCTION = YES;
				GCC_WARN_UNUSED_VARIABLE = YES;
				IPHONEOS_DEPLOYMENT_TARGET = 18.2;
				LOCALIZATION_PREFERS_STRING_CATALOGS = YES;
				MTL_ENABLE_DEBUG_INFO = NO;
				MTL_FAST_MATH = YES;
				SDKROOT = iphoneos;
				SWIFT_COMPILATION_MODE = wholemodule;
				VALIDATE_PRODUCT = YES;
			};
			name = Release;
		};
		7FE155C92E5C31CD00FA0046 /* Debug */ = {
			isa = XCBuildConfiguration;
			buildSettings = {
				ASSETCATALOG_COMPILER_APPICON_NAME = AppIcon;
				ASSETCATALOG_COMPILER_GLOBAL_ACCENT_COLOR_NAME = AccentColor;
				CODE_SIGN_STYLE = Automatic;
				CURRENT_PROJECT_VERSION = 1;
				DEVELOPMENT_ASSET_PATHS = "\"Appdev/Preview Content\"";
				DEVELOPMENT_TEAM = SF8J4Y6763;
				ENABLE_PREVIEWS = YES;
				GENERATE_INFOPLIST_FILE = YES;
				INFOPLIST_KEY_UIApplicationSceneManifest_Generation = YES;
				INFOPLIST_KEY_UIApplicationSupportsIndirectInputEvents = YES;
				INFOPLIST_KEY_UILaunchScreen_Generation = YES;
				INFOPLIST_KEY_UISupportedInterfaceOrientations_iPad = "UIInterfaceOrientationPortrait UIInterfaceOrientationPortraitUpsideDown UIInterfaceOrientationLandscapeLeft UIInterfaceOrientationLandscapeRight";
				INFOPLIST_KEY_UISupportedInterfaceOrientations_iPhone = "UIInterfaceOrientationPortrait UIInterfaceOrientationLandscapeLeft UIInterfaceOrientationLandscapeRight";
				LD_RUNPATH_SEARCH_PATHS = (
					"$(inherited)",
					"@executable_path/Frameworks",
				);
				MARKETING_VERSION = 1.0;
				PRODUCT_BUNDLE_IDENTIFIER = com.noor.Appdev;
				PRODUCT_NAME = "$(TARGET_NAME)";
				SWIFT_EMIT_LOC_STRINGS = YES;
				SWIFT_VERSION = 5.0;
				TARGETED_DEVICE_FAMILY = "1,2";
			};
			name = Debug;
		};
		7FE155CA2E5C31CD00FA0046 /* Release */ = {
			isa = XCBuildConfiguration;
			buildSettings = {
				ASSETCATALOG_COMPILER_APPICON_NAME = AppIcon;
				ASSETCATALOG_COMPILER_GLOBAL_ACCENT_COLOR_NAME = AccentColor;
				CODE_SIGN_STYLE = Automatic;
				CURRENT_PROJECT_VERSION = 1;
				DEVELOPMENT_ASSET_PATHS = "\"Appdev/Preview Content\"";
				DEVELOPMENT_TEAM = SF8J4Y6763;
				ENABLE_PREVIEWS = YES;
				GENERATE_INFOPLIST_FILE = YES;
				INFOPLIST_KEY_UIApplicationSceneManifest_Generation = YES;
				INFOPLIST_KEY_UIApplicationSupportsIndirectInputEvents = YES;
				INFOPLIST_KEY_UILaunchScreen_Generation = YES;
				INFOPLIST_KEY_UISupportedInterfaceOrientations_iPad = "UIInterfaceOrientationPortrait UIInterfaceOrientationPortraitUpsideDown UIInterfaceOrientationLandscapeLeft UIInterfaceOrientationLandscapeRight";
				INFOPLIST_KEY_UISupportedInterfaceOrientations_iPhone = "UIInterfaceOrientationPortrait UIInterfaceOrientationLandscapeLeft UIInterfaceOrientationLandscapeRight";
				LD_RUNPATH_SEARCH_PATHS = (
					"$(inherited)",
					"@executable_path/Frameworks",
				);
				MARKETING_VERSION = 1.0;
				PRODUCT_BUNDLE_IDENTIFIER = com.noor.Appdev;
				PRODUCT_NAME = "$(TARGET_NAME)";
				SWIFT_EMIT_LOC_STRINGS = YES;
				SWIFT_VERSION = 5.0;
				TARGETED_DEVICE_FAMILY = "1,2";
			};
			name = Release;
		};
		7FE155CC2E5C31CD00FA0046 /* Debug */ = {
			isa = XCBuildConfiguration;
			buildSettings = {
				BUNDLE_LOADER = "$(TEST_HOST)";
				CODE_SIGN_STYLE = Automatic;
				CURRENT_PROJECT_VERSION = 1;
				DEVELOPMENT_TEAM = SF8J4Y6763;
				GENERATE_INFOPLIST_FILE = YES;
				IPHONEOS_DEPLOYMENT_TARGET = 18.2;
				MARKETING_VERSION = 1.0;
				PRODUCT_BUNDLE_IDENTIFIER = com.noor.AppdevTests;
				PRODUCT_NAME = "$(TARGET_NAME)";
				SWIFT_EMIT_LOC_STRINGS = NO;
				SWIFT_VERSION = 5.0;
				TARGETED_DEVICE_FAMILY = "1,2";
				TEST_HOST = "$(BUILT_PRODUCTS_DIR)/Appdev.app/$(BUNDLE_EXECUTABLE_FOLDER_PATH)/Appdev";
			};
			name = Debug;
		};
		7FE155CD2E5C31CD00FA0046 /* Release */ = {
			isa = XCBuildConfiguration;
			buildSettings = {
				BUNDLE_LOADER = "$(TEST_HOST)";
				CODE_SIGN_STYLE = Automatic;
				CURRENT_PROJECT_VERSION = 1;
				DEVELOPMENT_TEAM = SF8J4Y6763;
				GENERATE_INFOPLIST_FILE = YES;
				IPHONEOS_DEPLOYMENT_TARGET = 18.2;
				MARKETING_VERSION = 1.0;
				PRODUCT_BUNDLE_IDENTIFIER = com.noor.AppdevTests;
				PRODUCT_NAME = "$(TARGET_NAME)";
				SWIFT_EMIT_LOC_STRINGS = NO;
				SWIFT_VERSION = 5.0;
				TARGETED_DEVICE_FAMILY = "1,2";
				TEST_HOST = "$(BUILT_PRODUCTS_DIR)/Appdev.app/$(BUNDLE_EXECUTABLE_FOLDER_PATH)/Appdev";
			};
			name = Release;
		};
		7FE155CF2E5C31CD00FA0046 /* Debug */ = {
			isa = XCBuildConfiguration;
			buildSettings = {
				CODE_SIGN_STYLE = Automatic;
				CURRENT_PROJECT_VERSION = 1;
				DEVELOPMENT_TEAM = SF8J4Y6763;
				GENERATE_INFOPLIST_FILE = YES;
				MARKETING_VERSION = 1.0;
				PRODUCT_BUNDLE_IDENTIFIER = com.noor.AppdevUITests;
				PRODUCT_NAME = "$(TARGET_NAME)";
				SWIFT_EMIT_LOC_STRINGS = NO;
				SWIFT_VERSION = 5.0;
				TARGETED_DEVICE_FAMILY = "1,2";
				TEST_TARGET_NAME = Appdev;
			};
			name = Debug;
		};
		7FE155D02E5C31CD00FA0046 /* Release */ = {
			isa = XCBuildConfiguration;
			buildSettings = {
				CODE_SIGN_STYLE = Automatic;
				CURRENT_PROJECT_VERSION = 1;
				DEVELOPMENT_TEAM = SF8J4Y6763;
				GENERATE_INFOPLIST_FILE = YES;
				MARKETING_VERSION = 1.0;
				PRODUCT_BUNDLE_IDENTIFIER = com.noor.AppdevUITests;
				PRODUCT_NAME = "$(TARGET_NAME)";
				SWIFT_EMIT_LOC_STRINGS = NO;
				SWIFT_VERSION = 5.0;
				TARGETED_DEVICE_FAMILY = "1,2";
				TEST_TARGET_NAME = Appdev;
			};
			name = Release;
		};
/* End XCBuildConfiguration section */

/* Begin XCConfigurationList section */
		7FE1559F2E5C31CB00FA0046 /* Build configuration list for PBXProject "Appdev" */ = {
			isa = XCConfigurationList;
			buildConfigurations = (
				7FE155C62E5C31CD00FA0046 /* Debug */,
				7FE155C72E5C31CD00FA0046 /* Release */,
			);
			defaultConfigurationIsVisible = 0;
			defaultConfigurationName = Release;
		};
		7FE155C82E5C31CD00FA0046 /* Build configuration list for PBXNativeTarget "Appdev" */ = {
			isa = XCConfigurationList;
			buildConfigurations = (
				7FE155C92E5C31CD00FA0046 /* Debug */,
				7FE155CA2E5C31CD00FA0046 /* Release */,
			);
			defaultConfigurationIsVisible = 0;
			defaultConfigurationName = Release;
		};
		7FE155CB2E5C31CD00FA0046 /* Build configuration list for PBXNativeTarget "AppdevTests" */ = {
			isa = XCConfigurationList;
			buildConfigurations = (
				7FE155CC2E5C31CD00FA0046 /* Debug */,
				7FE155CD2E5C31CD00FA0046 /* Release */,
			);
			defaultConfigurationIsVisible = 0;
			defaultConfigurationName = Release;
		};
		7FE155CE2E5C31CD00FA0046 /* Build configuration list for PBXNativeTarget "AppdevUITests" */ = {
			isa = XCConfigurationList;
			buildConfigurations = (
				7FE155CF2E5C31CD00FA0046 /* Debug */,
				7FE155D02E5C31CD00FA0046 /* Release */,
			);
			defaultConfigurationIsVisible = 0;
			defaultConfigurationName = Release;
		};
/* End XCConfigurationList section */

/* Begin XCRemoteSwiftPackageReference section */
		7F5D28102E6E185D00813099 /* XCRemoteSwiftPackageReference "generative-ai-swift" */ = {
			isa = XCRemoteSwiftPackageReference;
			repositoryURL = "https://github.com/google/generative-ai-swift";
			requirement = {
				kind = upToNextMajorVersion;
				minimumVersion = 0.5.6;
			};
		};
		7FE156392E5C35CD00FA0046 /* XCRemoteSwiftPackageReference "firebase-ios-sdk" */ = {
			isa = XCRemoteSwiftPackageReference;
			repositoryURL = "https://github.com/firebase/firebase-ios-sdk";
			requirement = {
				kind = upToNextMajorVersion;
				minimumVersion = 12.1.0;
			};
		};
/* End XCRemoteSwiftPackageReference section */

/* Begin XCSwiftPackageProductDependency section */
		7F5D28132E6E1B6B00813099 /* GoogleGenerativeAI */ = {
			isa = XCSwiftPackageProductDependency;
			package = 7F5D28102E6E185D00813099 /* XCRemoteSwiftPackageReference "generative-ai-swift" */;
			productName = GoogleGenerativeAI;
		};
		7FE1563A2E5C361A00FA0046 /* FirebaseAI */ = {
			isa = XCSwiftPackageProductDependency;
			package = 7FE156392E5C35CD00FA0046 /* XCRemoteSwiftPackageReference "firebase-ios-sdk" */;
			productName = FirebaseAI;
		};
		7FE1563C2E5C361A00FA0046 /* FirebaseAnalytics */ = {
			isa = XCSwiftPackageProductDependency;
			package = 7FE156392E5C35CD00FA0046 /* XCRemoteSwiftPackageReference "firebase-ios-sdk" */;
			productName = FirebaseAnalytics;
		};
		7FE1563E2E5C361A00FA0046 /* FirebaseAuth */ = {
			isa = XCSwiftPackageProductDependency;
			package = 7FE156392E5C35CD00FA0046 /* XCRemoteSwiftPackageReference "firebase-ios-sdk" */;
			productName = FirebaseAuth;
		};
		7FE156402E5C361A00FA0046 /* FirebaseDatabase */ = {
			isa = XCSwiftPackageProductDependency;
			package = 7FE156392E5C35CD00FA0046 /* XCRemoteSwiftPackageReference "firebase-ios-sdk" */;
			productName = FirebaseDatabase;
		};
		7FE156422E5C361A00FA0046 /* FirebaseFirestore */ = {
			isa = XCSwiftPackageProductDependency;
			package = 7FE156392E5C35CD00FA0046 /* XCRemoteSwiftPackageReference "firebase-ios-sdk" */;
			productName = FirebaseFirestore;
		};
/* End XCSwiftPackageProductDependency section */
	};
	rootObject = 7FE1559C2E5C31CB00FA0046 /* Project object */;
}
